<?xml version="1.0" encoding="utf-8"?>
<Project ToolsVersion="4.0" xmlns="http://schemas.microsoft.com/developer/msbuild/2003">
  <ItemGroup>
    <Filter Include="src">
      <UniqueIdentifier>{4FC737F1-C7A5-4376-A066-2A32D752A2FF}</UniqueIdentifier>
      <Extensions>cpp;c;cc;cxx;def;odl;idl;hpj;bat;asm;asmx</Extensions>
    </Filter>
    <Filter Include="headers">
      <UniqueIdentifier>{93995380-89BD-4b04-88EB-625FBE52EBFB}</UniqueIdentifier>
      <Extensions>h;hh;hpp;hxx;hm;inl;inc;xsd</Extensions>
    </Filter>
    <Filter Include="headers\libjson_config">
      <UniqueIdentifier>{277f9993-1151-419b-97ff-3d8672e31632}</UniqueIdentifier>
    </Filter>
  </ItemGroup>
  <ItemGroup>
    <ClInclude Include="..\..\include\libjson_config\json_config.h">
      <Filter>headers\libjson_config</Filter>
    </ClInclude>
    <ClInclude Include="..\..\include\libjson_config\json_config_define.h">
      <Filter>headers\libjson_config</Filter>
    </ClInclude>
    <ClInclude Include="..\..\include\libjson_config\json_config_errors.h">
      <Filter>headers\libjson_config</Filter>
    </ClInclude>
    <ClInclude Include="..\..\src\sample\sample.h">
      <Filter>headers</Filter>
    </ClInclude>
  </ItemGroup>
  <ItemGroup>
    <ClCompile Include="..\..\src\sample\sample.cc">
      <Filter>src</Filter>
    </ClCompile>
  </ItemGroup>
</Project>